
Microsoft Visual Studio Solution File, Format Version 12.00
# Visual Studio Version 17
VisualStudioVersion = 17.4.33213.308
MinimumVisualStudioVersion = 10.0.40219.1
Project("{FAE04EC0-301F-11D3-BF4B-00C04F79EFBC}") = "ConsumoDeAPI", "ConsumoDeAPI\ConsumoDeAPI.csproj", "{7394F30B-A9B2-4004-B88F-24E813D53610}"
EndProject
Global
	GlobalSection(SolutionConfigurationPlatforms) = preSolution
		Debug|Any CPU = Debug|Any CPU
		Release|Any CPU = Release|Any CPU
	EndGlobalSection
	GlobalSection(ProjectConfigurationPlatforms) = postSolution
		{7394F30B-A9B2-4004-B88F-24E813D53610}.Debug|Any CPU.ActiveCfg = Debug|Any CPU
		{7394F30B-A9B2-4004-B88F-24E813D53610}.Debug|Any CPU.Build.0 = Debug|Any CPU
		{7394F30B-A9B2-4004-B88F-24E813D53610}.Release|Any CPU.ActiveCfg = Release|Any CPU
		{7394F30B-A9B2-4004-B88F-24E813D53610}.Release|Any CPU.Build.0 = Release|Any CPU
	EndGlobalSection
	GlobalSection(SolutionProperties) = preSolution
		HideSolutionNode = FALSE
	EndGlobalSection
	GlobalSection(ExtensibilityGlobals) = postSolution
		SolutionGuid = {A0789CE5-09BB-45E7-BE16-C2A72D461705}
	EndGlobalSection
EndGlobal
